Microsoft Visual Studio Solution File, Format Version 12.00
# Visual Studio 2012
Project("{FAE04EC0-301F-11D3-BF4B-00C04F79EFBC}") = "godot3", "godot3.csproj", "{53FCC76C-BAC7-4D75-9F10-3D4C00CDF2D0}"
EndProject
Global
	GlobalSection(SolutionConfigurationPlatforms) = preSolution
	Debug|Any CPU = Debug|Any CPU
	Release|Any CPU = Release|Any CPU
	Tools|Any CPU = Tools|Any CPU
	EndGlobalSection
	GlobalSection(ProjectConfigurationPlatforms) = postSolution
		{53FCC76C-BAC7-4D75-9F10-3D4C00CDF2D0}.Debug|Any CPU.ActiveCfg = Debug|Any CPU
		{53FCC76C-BAC7-4D75-9F10-3D4C00CDF2D0}.Debug|Any CPU.Build.0 = Debug|Any CPU
		{53FCC76C-BAC7-4D75-9F10-3D4C00CDF2D0}.Release|Any CPU.ActiveCfg = Release|Any CPU
		{53FCC76C-BAC7-4D75-9F10-3D4C00CDF2D0}.Release|Any CPU.Build.0 = Release|Any CPU
		{53FCC76C-BAC7-4D75-9F10-3D4C00CDF2D0}.Tools|Any CPU.ActiveCfg = Tools|Any CPU
		{53FCC76C-BAC7-4D75-9F10-3D4C00CDF2D0}.Tools|Any CPU.Build.0 = Tools|Any CPU
	EndGlobalSection
EndGlobal
